# THIS IS AN AUTOGENERATED FILE. DO NOT EDIT THIS FILE DIRECTLY.
# yarn lockfile v1


unique-random-array@4.0.0:
  version "4.0.0"
  resolved "https://registry.yarnpkg.com/unique-random-array/-/unique-random-array-4.0.0.tgz#3a66975daf8e38508540b4381e73b81a454a9ccd"
  integrity sha512-SCZc46g0PtZVKiVnL3ngE1murYDxduGtsCX5f+mvQ/MynUEbCeNGHUCtcsUoSZAejSxCSgNzSK5IdI5uxBbc+g==
  dependencies:
    unique-random "^4.0.0"

unique-random@^4.0.0:
  version "4.0.0"
  resolved "https://registry.yarnpkg.com/unique-random/-/unique-random-4.0.0.tgz#878eaa1d78a13414bc874a32952325133fafdfae"
  integrity sha512-lrIvMDF5M9DOCy6j1YdNkMkAZkQAd0Bk7PWazA/Kr3cy2L0NhanxdeFmBFg+tDUirNHrIcQf3K7oIeBTCXpIFQ==
